
Microsoft Visual Studio Solution File, Format Version 12.00
# Visual Studio Version 17
VisualStudioVersion = 17.14.36811.4 d17.14
MinimumVisualStudioVersion = 10.0.40219.1
Project("{FAE04EC0-301F-11D3-BF4B-00C04F79EFBC}") = "ItAssetPortal", "ItAssetPortal.csproj", "{9B0B3F25-402A-0977-A51E-06C4ECA3B15A}"
EndProject
Global
	GlobalSection(SolutionConfigurationPlatforms) = preSolution
		Debug|Any CPU = Debug|Any CPU
		Release|Any CPU = Release|Any CPU
	EndGlobalSection
	GlobalSection(ProjectConfigurationPlatforms) = postSolution
		{9B0B3F25-402A-0977-A51E-06C4ECA3B15A}.Debug|Any CPU.ActiveCfg = Debug|Any CPU
		{9B0B3F25-402A-0977-A51E-06C4ECA3B15A}.Debug|Any CPU.Build.0 = Debug|Any CPU
		{9B0B3F25-402A-0977-A51E-06C4ECA3B15A}.Release|Any CPU.ActiveCfg = Release|Any CPU
		{9B0B3F25-402A-0977-A51E-06C4ECA3B15A}.Release|Any CPU.Build.0 = Release|Any CPU
	EndGlobalSection
	GlobalSection(SolutionProperties) = preSolution
		HideSolutionNode = FALSE
	EndGlobalSection
	GlobalSection(ExtensibilityGlobals) = postSolution
		SolutionGuid = {06DDDE9C-0AF2-44EA-9A7E-1496BDE665E5}
	EndGlobalSection
EndGlobal
